
Microsoft Visual Studio Solution File, Format Version 12.00
# Visual Studio Version 17
VisualStudioVersion = 17.1.32421.90
MinimumVisualStudioVersion = 10.0.40219.1
Project("{FAE04EC0-301F-11D3-BF4B-00C04F79EFBC}") = "Utepitok_Digruber_Eszter_11B", "Utepitok_Digruber_Eszter_11B.csproj", "{65A45DFE-ECCC-4DFD-AD27-1347059E88DF}"
EndProject
Global
	GlobalSection(SolutionConfigurationPlatforms) = preSolution
		Debug|Any CPU = Debug|Any CPU
		Release|Any CPU = Release|Any CPU
	EndGlobalSection
	GlobalSection(ProjectConfigurationPlatforms) = postSolution
		{65A45DFE-ECCC-4DFD-AD27-1347059E88DF}.Debug|Any CPU.ActiveCfg = Debug|Any CPU
		{65A45DFE-ECCC-4DFD-AD27-1347059E88DF}.Debug|Any CPU.Build.0 = Debug|Any CPU
		{65A45DFE-ECCC-4DFD-AD27-1347059E88DF}.Release|Any CPU.ActiveCfg = Release|Any CPU
		{65A45DFE-ECCC-4DFD-AD27-1347059E88DF}.Release|Any CPU.Build.0 = Release|Any CPU
	EndGlobalSection
	GlobalSection(SolutionProperties) = preSolution
		HideSolutionNode = FALSE
	EndGlobalSection
	GlobalSection(ExtensibilityGlobals) = postSolution
		SolutionGuid = {44766D97-B629-4134-9FCC-D6B40226FB7D}
	EndGlobalSection
EndGlobal
